// !$*UTF8*$!
{
	archiveVersion = 1;
	classes = {
	};
	objectVersion = 50;
	objects = {

/* Begin PBXBuildFile section */
		CF339E6120E9F1C4005E0A51 /* AppDelegate.m in Sources */ = {isa = PBXBuildFile; fileRef = CF339E6020E9F1C4005E0A51 /* AppDelegate.m */; };
		CF339E6420E9F1C4005E0A51 /* ViewController.m in Sources */ = {isa = PBXBuildFile; fileRef = CF339E6320E9F1C4005E0A51 /* ViewController.m */; };
		CF339E6720E9F1C4005E0A51 /* Main.storyboard in Resources */ = {isa = PBXBuildFile; fileRef = CF339E6520E9F1C4005E0A51 /* Main.storyboard */; };
		CF339E6920E9F1CB005E0A51 /* Assets.xcassets in Resources */ = {isa = PBXBuildFile; fileRef = CF339E6820E9F1CB005E0A51 /* Assets.xcassets */; };
		CF339E6C20E9F1CB005E0A51 /* LaunchScreen.storyboard in Resources */ = {isa = PBXBuildFile; fileRef = CF339E6A20E9F1CB005E0A51 /* LaunchScreen.storyboard */; };
		CF339E6F20E9F1CB005E0A51 /* main.m in Sources */ = {isa = PBXBuildFile; fileRef = CF339E6E20E9F1CB005E0A51 /* main.m */; };
		CF339E7920E9F1CB005E0A51 /* RecoardToolTests.m in Sources */ = {isa = PBXBuildFile; fileRef = CF339E7820E9F1CB005E0A51 /* RecoardToolTests.m */; };
		CF339E8420E9F1CB005E0A51 /* RecoardToolUITests.m in Sources */ = {isa = PBXBuildFile; fileRef = CF339E8320E9F1CB005E0A51 /* RecoardToolUITests.m */; };
/* End PBXBuildFile section */

/* Begin PBXContainerItemProxy section */
		CF339E7520E9F1CB005E0A51 /* PBXContainerItemProxy */ = {
			isa = PBXContainerItemProxy;
			containerPortal = CF339E5420E9F1C4005E0A51 /* Project object */;
			proxyType = 1;
			remoteGlobalIDString = CF339E5B20E9F1C4005E0A51;
			remoteInfo = RecoardTool;
		};
		CF339E8020E9F1CB005E0A51 /* PBXContainerItemProxy */ = {
			isa = PBXContainerItemProxy;
			containerPortal = CF339E5420E9F1C4005E0A51 /* Project object */;
			proxyType = 1;
			remoteGlobalIDString = CF339E5B20E9F1C4005E0A51;
			remoteInfo = RecoardTool;
		};
/* End PBXContainerItemProxy section */

/* Begin PBXFileReference section */
		CF339E5C20E9F1C4005E0A51 /* RecoardTool.app */ = {isa = PBXFileReference; explicitFileType = wrapper.application; includeInIndex = 0; path = RecoardTool.app; sourceTree = BUILT_PRODUCTS_DIR; };
		CF339E5F20E9F1C4005E0A51 /* AppDelegate.h */ = {isa = PBXFileReference; lastKnownFileType = sourcecode.c.h; path = AppDelegate.h; sourceTree = "<group>"; };
		CF339E6020E9F1C4005E0A51 /* AppDelegate.m */ = {isa = PBXFileReference; lastKnownFileType = sourcecode.c.objc; path = AppDelegate.m; sourceTree = "<group>"; };
		CF339E6220E9F1C4005E0A51 /* ViewController.h */ = {isa = PBXFileReference; lastKnownFileType = sourcecode.c.h; path = ViewController.h; sourceTree = "<group>"; };
		CF339E6320E9F1C4005E0A51 /* ViewController.m */ = {isa = PBXFileReference; lastKnownFileType = sourcecode.c.objc; path = ViewController.m; sourceTree = "<group>"; };
		CF339E6620E9F1C4005E0A51 /* Base */ = {isa = PBXFileReference; lastKnownFileType = file.storyboard; name = Base; path = Base.lproj/Main.storyboard; sourceTree = "<group>"; };
		CF339E6820E9F1CB005E0A51 /* Assets.xcassets */ = {isa = PBXFileReference; lastKnownFileType = folder.assetcatalog; path = Assets.xcassets; sourceTree = "<group>"; };
		CF339E6B20E9F1CB005E0A51 /* Base */ = {isa = PBXFileReference; lastKnownFileType = file.storyboard; name = Base; path = Base.lproj/LaunchScreen.storyboard; sourceTree = "<group>"; };
		CF339E6D20E9F1CB005E0A51 /* Info.plist */ = {isa = PBXFileReference; lastKnownFileType = text.plist.xml; path = Info.plist; sourceTree = "<group>"; };
		CF339E6E20E9F1CB005E0A51 /* main.m */ = {isa = PBXFileReference; lastKnownFileType = sourcecode.c.objc; path = main.m; sourceTree = "<group>"; };
		CF339E7420E9F1CB005E0A51 /* RecoardToolTests.xctest */ = {isa = PBXFileReference; explicitFileType = wrapper.cfbundle; includeInIndex = 0; path = RecoardToolTests.xctest; sourceTree = BUILT_PRODUCTS_DIR; };
		CF339E7820E9F1CB005E0A51 /* RecoardToolTests.m */ = {isa = PBXFileReference; lastKnownFileType = sourcecode.c.objc; path = RecoardToolTests.m; sourceTree = "<group>"; };
		CF339E7A20E9F1CB005E0A51 /* Info.plist */ = {isa = PBXFileReference; lastKnownFileType = text.plist.xml; path = Info.plist; sourceTree = "<group>"; };
		CF339E7F20E9F1CB005E0A51 /* RecoardToolUITests.xctest */ = {isa = PBXFileReference; explicitFileType = wrapper.cfbundle; includeInIndex = 0; path = RecoardToolUITests.xctest; sourceTree = BUILT_PRODUCTS_DIR; };
		CF339E8320E9F1CB005E0A51 /* RecoardToolUITests.m */ = {isa = PBXFileReference; lastKnownFileType = sourcecode.c.objc; path = RecoardToolUITests.m; sourceTree = "<group>"; };
		CF339E8520E9F1CB005E0A51 /* Info.plist */ = {isa = PBXFileReference; lastKnownFileType = text.plist.xml; path = Info.plist; sourceTree = "<group>"; };
/* End PBXFileReference section */

/* Begin PBXFrameworksBuildPhase section */
		CF339E5920E9F1C4005E0A51 /* Frameworks */ = {
			isa = PBXFrameworksBuildPhase;
			buildActionMask = 2147483647;
			files = (
			);
			runOnlyForDeploymentPostprocessing = 0;
		};
		CF339E7120E9F1CB005E0A51 /* Frameworks */ = {
			isa = PBXFrameworksBuildPhase;
			buildActionMask = 2147483647;
			files = (
			);
			runOnlyForDeploymentPostprocessing = 0;
		};
		CF339E7C20E9F1CB005E0A51 /* Frameworks */ = {
			isa = PBXFrameworksBuildPhase;
			buildActionMask = 2147483647;
			files = (
			);
			runOnlyForDeploymentPostprocessing = 0;
		};
/* End PBXFrameworksBuildPhase section */

/* Begin PBXGroup section */
		CF339E5320E9F1C4005E0A51 = {
			isa = PBXGroup;
			children = (
				CF339E5E20E9F1C4005E0A51 /* RecoardTool */,
				CF339E7720E9F1CB005E0A51 /* RecoardToolTests */,
				CF339E8220E9F1CB005E0A51 /* RecoardToolUITests */,
				CF339E5D20E9F1C4005E0A51 /* Products */,
			);
			sourceTree = "<group>";
		};
		CF339E5D20E9F1C4005E0A51 /* Products */ = {
			isa = PBXGroup;
			children = (
				CF339E5C20E9F1C4005E0A51 /* RecoardTool.app */,
				CF339E7420E9F1CB005E0A51 /* RecoardToolTests.xctest */,
				CF339E7F20E9F1CB005E0A51 /* RecoardToolUITests.xctest */,
			);
			name = Products;
			sourceTree = "<group>";
		};
		CF339E5E20E9F1C4005E0A51 /* RecoardTool */ = {
			isa = PBXGroup;
			children = (
				CF339E5F20E9F1C4005E0A51 /* AppDelegate.h */,
				CF339E6020E9F1C4005E0A51 /* AppDelegate.m */,
				CF339E6220E9F1C4005E0A51 /* ViewController.h */,
				CF339E6320E9F1C4005E0A51 /* ViewController.m */,
				CF339E6520E9F1C4005E0A51 /* Main.storyboard */,
				CF339E6820E9F1CB005E0A51 /* Assets.xcassets */,
				CF339E6A20E9F1CB005E0A51 /* LaunchScreen.storyboard */,
				CF339E6D20E9F1CB005E0A51 /* Info.plist */,
				CF339E6E20E9F1CB005E0A51 /* main.m */,
			);
			path = RecoardTool;
			sourceTree = "<group>";
		};
		CF339E7720E9F1CB005E0A51 /* RecoardToolTests */ = {
			isa = PBXGroup;
			children = (
				CF339E7820E9F1CB005E0A51 /* RecoardToolTests.m */,
				CF339E7A20E9F1CB005E0A51 /* Info.plist */,
			);
			path = RecoardToolTests;
			sourceTree = "<group>";
		};
		CF339E8220E9F1CB005E0A51 /* RecoardToolUITests */ = {
			isa = PBXGroup;
			children = (
				CF339E8320E9F1CB005E0A51 /* RecoardToolUITests.m */,
				CF339E8520E9F1CB005E0A51 /* Info.plist */,
			);
			path = RecoardToolUITests;
			sourceTree = "<group>";
		};
/* End PBXGroup section */

/* Begin PBXNativeTarget section */
		CF339E5B20E9F1C4005E0A51 /* RecoardTool */ = {
			isa = PBXNativeTarget;
			buildConfigurationList = CF339E8820E9F1CB005E0A51 /* Build configuration list for PBXNativeTarget "RecoardTool" */;
			buildPhases = (
				CF339E5820E9F1C4005E0A51 /* Sources */,
				CF339E5920E9F1C4005E0A51 /* Frameworks */,
				CF339E5A20E9F1C4005E0A51 /* Resources */,
			);
			buildRules = (
			);
			dependencies = (
			);
			name = RecoardTool;
			productName = RecoardTool;
			productReference = CF339E5C20E9F1C4005E0A51 /* RecoardTool.app */;
			productType = "com.apple.product-type.application";
		};
		CF339E7320E9F1CB005E0A51 /* RecoardToolTests */ = {
			isa = PBXNativeTarget;
			buildConfigurationList = CF339E8B20E9F1CB005E0A51 /* Build configuration list for PBXNativeTarget "RecoardToolTests" */;
			buildPhases = (
				CF339E7020E9F1CB005E0A51 /* Sources */,
				CF339E7120E9F1CB005E0A51 /* Frameworks */,
				CF339E7220E9F1CB005E0A51 /* Resources */,
			);
			buildRules = (
			);
			dependencies = (
				CF339E7620E9F1CB005E0A51 /* PBXTargetDependency */,
			);
			name = RecoardToolTests;
			productName = RecoardToolTests;
			productReference = CF339E7420E9F1CB005E0A51 /* RecoardToolTests.xctest */;
			productType = "com.apple.product-type.bundle.unit-test";
		};
		CF339E7E20E9F1CB005E0A51 /* RecoardToolUITests */ = {
			isa = PBXNativeTarget;
			buildConfigurationList = CF339E8E20E9F1CB005E0A51 /* Build configuration list for PBXNativeTarget "RecoardToolUITests" */;
			buildPhases = (
				CF339E7B20E9F1CB005E0A51 /* Sources */,
				CF339E7C20E9F1CB005E0A51 /* Frameworks */,
				CF339E7D20E9F1CB005E0A51 /* Resources */,
			);
			buildRules = (
			);
			dependencies = (
				CF339E8120E9F1CB005E0A51 /* PBXTargetDependency */,
			);
			name = RecoardToolUITests;
			productName = RecoardToolUITests;
			productReference = CF339E7F20E9F1CB005E0A51 /* RecoardToolUITests.xctest */;
			productType = "com.apple.product-type.bundle.ui-testing";
		};
/* End PBXNativeTarget section */

/* Begin PBXProject section */
		CF339E5420E9F1C4005E0A51 /* Project object */ = {
			isa = PBXProject;
			attributes = {
				LastUpgradeCheck = 0930;
				ORGANIZATIONNAME = Superman;
				TargetAttributes = {
					CF339E5B20E9F1C4005E0A51 = {
						CreatedOnToolsVersion = 9.3;
					};
					CF339E7320E9F1CB005E0A51 = {
						CreatedOnToolsVersion = 9.3;
						TestTargetID = CF339E5B20E9F1C4005E0A51;
					};
					CF339E7E20E9F1CB005E0A51 = {
						CreatedOnToolsVersion = 9.3;
						TestTargetID = CF339E5B20E9F1C4005E0A51;
					};
				};
			};
			buildConfigurationList = CF339E5720E9F1C4005E0A51 /* Build configuration list for PBXProject "RecoardTool" */;
			compatibilityVersion = "Xcode 9.3";
			developmentRegion = en;
			hasScannedForEncodings = 0;
			knownRegions = (
				en,
				Base,
			);
			mainGroup = CF339E5320E9F1C4005E0A51;
			productRefGroup = CF339E5D20E9F1C4005E0A51 /* Products */;
			projectDirPath = "";
			projectRoot = "";
			targets = (
				CF339E5B20E9F1C4005E0A51 /* RecoardTool */,
				CF339E7320E9F1CB005E0A51 /* RecoardToolTests */,
				CF339E7E20E9F1CB005E0A51 /* RecoardToolUITests */,
			);
		};
/* End PBXProject section */

/* Begin PBXResourcesBuildPhase section */
		CF339E5A20E9F1C4005E0A51 /* Resources */ = {
			isa = PBXResourcesBuildPhase;
			buildActionMask = 2147483647;
			files = (
				CF339E6C20E9F1CB005E0A51 /* LaunchScreen.storyboard in Resources */,
				CF339E6920E9F1CB005E0A51 /* Assets.xcassets in Resources */,
				CF339E6720E9F1C4005E0A51 /* Main.storyboard in Resources */,
			);
			runOnlyForDeploymentPostprocessing = 0;
		};
		CF339E7220E9F1CB005E0A51 /* Resources */ = {
			isa = PBXResourcesBuildPhase;
			buildActionMask = 2147483647;
			files = (
			);
			runOnlyForDeploymentPostprocessing = 0;
		};
		CF339E7D20E9F1CB005E0A51 /* Resources */ = {
			isa = PBXResourcesBuildPhase;
			buildActionMask = 2147483647;
			files = (
			);
			runOnlyForDeploymentPostprocessing = 0;
		};
/* End PBXResourcesBuildPhase section */

/* Begin PBXSourcesBuildPhase section */
		CF339E5820E9F1C4005E0A51 /* Sources */ = {
			isa = PBXSourcesBuildPhase;
			buildActionMask = 2147483647;
			files = (
				CF339E6420E9F1C4005E0A51 /* ViewController.m in Sources */,
				CF339E6F20E9F1CB005E0A51 /* main.m in Sources */,
				CF339E6120E9F1C4005E0A51 /* AppDelegate.m in Sources */,
			);
			runOnlyForDeploymentPostprocessing = 0;
		};
		CF339E7020E9F1CB005E0A51 /* Sources */ = {
			isa = PBXSourcesBuildPhase;
			buildActionMask = 2147483647;
			files = (
				CF339E7920E9F1CB005E0A51 /* RecoardToolTests.m in Sources */,
			);
			runOnlyForDeploymentPostprocessing = 0;
		};
		CF339E7B20E9F1CB005E0A51 /* Sources */ = {
			isa = PBXSourcesBuildPhase;
			buildActionMask = 2147483647;
			files = (
				CF339E8420E9F1CB005E0A51 /* RecoardToolUITests.m in Sources */,
			);
			runOnlyForDeploymentPostprocessing = 0;
		};
/* End PBXSourcesBuildPhase section */

/* Begin PBXTargetDependency section */
		CF339E7620E9F1CB005E0A51 /* PBXTargetDependency */ = {
			isa = PBXTargetDependency;
			target = CF339E5B20E9F1C4005E0A51 /* RecoardTool */;
			targetProxy = CF339E7520E9F1CB005E0A51 /* PBXContainerItemProxy */;
		};
		CF339E8120E9F1CB005E0A51 /* PBXTargetDependency */ = {
			isa = PBXTargetDependency;
			target = CF339E5B20E9F1C4005E0A51 /* RecoardTool */;
			targetProxy = CF339E8020E9F1CB005E0A51 /* PBXContainerItemProxy */;
		};
/* End PBXTargetDependency section */

/* Begin PBXVariantGroup section */
		CF339E6520E9F1C4005E0A51 /* Main.storyboard */ = {
			isa = PBXVariantGroup;
			children = (
				CF339E6620E9F1C4005E0A51 /* Base */,
			);
			name = Main.storyboard;
			sourceTree = "<group>";
		};
		CF339E6A20E9F1CB005E0A51 /* LaunchScreen.storyboard */ = {
			isa = PBXVariantGroup;
			children = (
				CF339E6B20E9F1CB005E0A51 /* Base */,
			);
			name = LaunchScreen.storyboard;
			sourceTree = "<group>";
		};
/* End PBXVariantGroup section */

/* Begin XCBuildConfiguration section */
		CF339E8620E9F1CB005E0A51 /* Debug */ = {
			isa = XCBuildConfiguration;
			buildSettings = {
				ALWAYS_SEARCH_USER_PATHS = NO;
				CLANG_ANALYZER_NONNULL = YES;
				CLANG_ANALYZER_NUMBER_OBJECT_CONVERSION = YES_AGGRESSIVE;
				CLANG_CXX_LANGUAGE_STANDARD = "gnu++14";
				CLANG_CXX_LIBRARY = "libc++";
				CLANG_ENABLE_MODULES = YES;
				CLANG_ENABLE_OBJC_ARC = YES;
				CLANG_ENABLE_OBJC_WEAK = YES;
				CLANG_WARN_BLOCK_CAPTURE_AUTORELEASING = YES;
				CLANG_WARN_BOOL_CONVERSION = YES;
				CLANG_WARN_COMMA = YES;
				CLANG_WARN_CONSTANT_CONVERSION = YES;
				CLANG_WARN_DEPRECATED_OBJC_IMPLEMENTATIONS = YES;
				CLANG_WARN_DIRECT_OBJC_ISA_USAGE = YES_ERROR;
				CLANG_WARN_DOCUMENTATION_COMMENTS = YES;
				CLANG_WARN_EMPTY_BODY = YES;
				CLANG_WARN_ENUM_CONVERSION = YES;
				CLANG_WARN_INFINITE_RECURSION = YES;
				CLANG_WARN_INT_CONVERSION = YES;
				CLANG_WARN_NON_LITERAL_NULL_CONVERSION = YES;
				CLANG_WARN_OBJC_IMPLICIT_RETAIN_SELF = YES;
				CLANG_WARN_OBJC_LITERAL_CONVERSION = YES;
				CLANG_WARN_OBJC_ROOT_CLASS = YES_ERROR;
				CLANG_WARN_RANGE_LOOP_ANALYSIS = YES;
				CLANG_WARN_STRICT_PROTOTYPES = YES;
				CLANG_WARN_SUSPICIOUS_MOVE = YES;
				CLANG_WARN_UNGUARDED_AVAILABILITY = YES_AGGRESSIVE;
				CLANG_WARN_UNREACHABLE_CODE = YES;
				CLANG_WARN__DUPLICATE_METHOD_MATCH = YES;
				CODE_SIGN_IDENTITY = "iPhone Developer";
				COPY_PHASE_STRIP = NO;
				DEBUG_INFORMATION_FORMAT = dwarf;
				ENABLE_STRICT_OBJC_MSGSEND = YES;
				ENABLE_TESTABILITY = YES;
				GCC_C_LANGUAGE_STANDARD = gnu11;
				GCC_DYNAMIC_NO_PIC = NO;
				GCC_NO_COMMON_BLOCKS = YES;
				GCC_OPTIMIZATION_LEVEL = 0;
				GCC_PREPROCESSOR_DEFINITIONS = (
					"DEBUG=1",
					"$(inherited)",
				);
				GCC_WARN_64_TO_32_BIT_CONVERSION = YES;
				GCC_WARN_ABOUT_RETURN_TYPE = YES_ERROR;
				GCC_WARN_UNDECLARED_SELECTOR = YES;
				GCC_WARN_UNINITIALIZED_AUTOS = YES_AGGRESSIVE;
				GCC_WARN_UNUSED_FUNCTION = YES;
				GCC_WARN_UNUSED_VARIABLE = YES;
				IPHONEOS_DEPLOYMENT_TARGET = 11.3;
				MTL_ENABLE_DEBUG_INFO = YES;
				ONLY_ACTIVE_ARCH = YES;
				SDKROOT = iphoneos;
			};
			name = Debug;
		};
		CF339E8720E9F1CB005E0A51 /* Release */ = {
			isa = XCBuildConfiguration;
			buildSettings = {
				ALWAYS_SEARCH_USER_PATHS = NO;
				CLANG_ANALYZER_NONNULL = YES;
				CLANG_ANALYZER_NUMBER_OBJECT_CONVERSION = YES_AGGRESSIVE;
				CLANG_CXX_LANGUAGE_STANDARD = "gnu++14";
				CLANG_CXX_LIBRARY = "libc++";
				CLANG_ENABLE_MODULES = YES;
				CLANG_ENABLE_OBJC_ARC = YES;
				CLANG_ENABLE_OBJC_WEAK = YES;
				CLANG_WARN_BLOCK_CAPTURE_AUTORELEASING = YES;
				CLANG_WARN_BOOL_CONVERSION = YES;
				CLANG_WARN_COMMA = YES;
				CLANG_WARN_CONSTANT_CONVERSION = YES;
				CLANG_WARN_DEPRECATED_OBJC_IMPLEMENTATIONS = YES;
				CLANG_WARN_DIRECT_OBJC_ISA_USAGE = YES_ERROR;
				CLANG_WARN_DOCUMENTATION_COMMENTS = YES;
				CLANG_WARN_EMPTY_BODY = YES;
				CLANG_WARN_ENUM_CONVERSION = YES;
				CLANG_WARN_INFINITE_RECURSION = YES;
				CLANG_WARN_INT_CONVERSION = YES;
				CLANG_WARN_NON_LITERAL_NULL_CONVERSION = YES;
				CLANG_WARN_OBJC_IMPLICIT_RETAIN_SELF = YES;
				CLANG_WARN_OBJC_LITERAL_CONVERSION = YES;
				CLANG_WARN_OBJC_ROOT_CLASS = YES_ERROR;
				CLANG_WARN_RANGE_LOOP_ANALYSIS = YES;
				CLANG_WARN_STRICT_PROTOTYPES = YES;
				CLANG_WARN_SUSPICIOUS_MOVE = YES;
				CLANG_WARN_UNGUARDED_AVAILABILITY = YES_AGGRESSIVE;
				CLANG_WARN_UNREACHABLE_CODE = YES;
				CLANG_WARN__DUPLICATE_METHOD_MATCH = YES;
				CODE_SIGN_IDENTITY = "iPhone Developer";
				COPY_PHASE_STRIP = NO;
				DEBUG_INFORMATION_FORMAT = "dwarf-with-dsym";
				ENABLE_NS_ASSERTIONS = NO;
				ENABLE_STRICT_OBJC_MSGSEND = YES;
				GCC_C_LANGUAGE_STANDARD = gnu11;
				GCC_NO_COMMON_BLOCKS = YES;
				GCC_WARN_64_TO_32_BIT_CONVERSION = YES;
				GCC_WARN_ABOUT_RETURN_TYPE = YES_ERROR;
				GCC_WARN_UNDECLARED_SELECTOR = YES;
				GCC_WARN_UNINITIALIZED_AUTOS = YES_AGGRESSIVE;
				GCC_WARN_UNUSED_FUNCTION = YES;
				GCC_WARN_UNUSED_VARIABLE = YES;
				IPHONEOS_DEPLOYMENT_TARGET = 11.3;
				MTL_ENABLE_DEBUG_INFO = NO;
				SDKROOT = iphoneos;
				VALIDATE_PRODUCT = YES;
			};
			name = Release;
		};
		CF339E8920E9F1CB005E0A51 /* Debug */ = {
			isa = XCBuildConfiguration;
			buildSettings = {
				ASSETCATALOG_COMPILER_APPICON_NAME = AppIcon;
				CODE_SIGN_STYLE = Automatic;
				INFOPLIST_FILE = RecoardTool/Info.plist;
				LD_RUNPATH_SEARCH_PATHS = (
					"$(inherited)",
					"@executable_path/Frameworks",
				);
				PRODUCT_BUNDLE_IDENTIFIER = ffd.RecoardTool;
				PRODUCT_NAME = "$(TARGET_NAME)";
				TARGETED_DEVICE_FAMILY = "1,2";
			};
			name = Debug;
		};
		CF339E8A20E9F1CB005E0A51 /* Release */ = {
			isa = XCBuildConfiguration;
			buildSettings = {
				ASSETCATALOG_COMPILER_APPICON_NAME = AppIcon;
				CODE_SIGN_STYLE = Automatic;
				INFOPLIST_FILE = RecoardTool/Info.plist;
				LD_RUNPATH_SEARCH_PATHS = (
					"$(inherited)",
					"@executable_path/Frameworks",
				);
				PRODUCT_BUNDLE_IDENTIFIER = ffd.RecoardTool;
				PRODUCT_NAME = "$(TARGET_NAME)";
				TARGETED_DEVICE_FAMILY = "1,2";
			};
			name = Release;
		};
		CF339E8C20E9F1CB005E0A51 /* Debug */ = {
			isa = XCBuildConfiguration;
			buildSettings = {
				BUNDLE_LOADER = "$(TEST_HOST)";
				CODE_SIGN_STYLE = Automatic;
				INFOPLIST_FILE = RecoardToolTests/Info.plist;
				LD_RUNPATH_SEARCH_PATHS = (
					"$(inherited)",
					"@executable_path/Frameworks",
					"@loader_path/Frameworks",
				);
				PRODUCT_BUNDLE_IDENTIFIER = ffd.RecoardToolTests;
				PRODUCT_NAME = "$(TARGET_NAME)";
				TARGETED_DEVICE_FAMILY = "1,2";
				TEST_HOST = "$(BUILT_PRODUCTS_DIR)/RecoardTool.app/RecoardTool";
			};
			name = Debug;
		};
		CF339E8D20E9F1CB005E0A51 /* Release */ = {
			isa = XCBuildConfiguration;
			buildSettings = {
				BUNDLE_LOADER = "$(TEST_HOST)";
				CODE_SIGN_STYLE = Automatic;
				INFOPLIST_FILE = RecoardToolTests/Info.plist;
				LD_RUNPATH_SEARCH_PATHS = (
					"$(inherited)",
					"@executable_path/Frameworks",
					"@loader_path/Frameworks",
				);
				PRODUCT_BUNDLE_IDENTIFIER = ffd.RecoardToolTests;
				PRODUCT_NAME = "$(TARGET_NAME)";
				TARGETED_DEVICE_FAMILY = "1,2";
				TEST_HOST = "$(BUILT_PRODUCTS_DIR)/RecoardTool.app/RecoardTool";
			};
			name = Release;
		};
		CF339E8F20E9F1CB005E0A51 /* Debug */ = {
			isa = XCBuildConfiguration;
			buildSettings = {
				CODE_SIGN_STYLE = Automatic;
				INFOPLIST_FILE = RecoardToolUITests/Info.plist;
				LD_RUNPATH_SEARCH_PATHS = (
					"$(inherited)",
					"@executable_path/Frameworks",
					"@loader_path/Frameworks",
				);
				PRODUCT_BUNDLE_IDENTIFIER = ffd.RecoardToolUITests;
				PRODUCT_NAME = "$(TARGET_NAME)";
				TARGETED_DEVICE_FAMILY = "1,2";
				TEST_TARGET_NAME = RecoardTool;
			};
			name = Debug;
		};
		CF339E9020E9F1CB005E0A51 /* Release */ = {
			isa = XCBuildConfiguration;
			buildSettings = {
				CODE_SIGN_STYLE = Automatic;
				INFOPLIST_FILE = RecoardToolUITests/Info.plist;
				LD_RUNPATH_SEARCH_PATHS = (
					"$(inherited)",
					"@executable_path/Frameworks",
					"@loader_path/Frameworks",
				);
				PRODUCT_BUNDLE_IDENTIFIER = ffd.RecoardToolUITests;
				PRODUCT_NAME = "$(TARGET_NAME)";
				TARGETED_DEVICE_FAMILY = "1,2";
				TEST_TARGET_NAME = RecoardTool;
			};
			name = Release;
		};
/* End XCBuildConfiguration section */

/* Begin XCConfigurationList section */
		CF339E5720E9F1C4005E0A51 /* Build configuration list for PBXProject "RecoardTool" */ = {
			isa = XCConfigurationList;
			buildConfigurations = (
				CF339E8620E9F1CB005E0A51 /* Debug */,
				CF339E8720E9F1CB005E0A51 /* Release */,
			);
			defaultConfigurationIsVisible = 0;
			defaultConfigurationName = Release;
		};
		CF339E8820E9F1CB005E0A51 /* Build configuration list for PBXNativeTarget "RecoardTool" */ = {
			isa = XCConfigurationList;
			buildConfigurations = (
				CF339E8920E9F1CB005E0A51 /* Debug */,
				CF339E8A20E9F1CB005E0A51 /* Release */,
			);
			defaultConfigurationIsVisible = 0;
			defaultConfigurationName = Release;
		};
		CF339E8B20E9F1CB005E0A51 /* Build configuration list for PBXNativeTarget "RecoardToolTests" */ = {
			isa = XCConfigurationList;
			buildConfigurations = (
				CF339E8C20E9F1CB005E0A51 /* Debug */,
				CF339E8D20E9F1CB005E0A51 /* Release */,
			);
			defaultConfigurationIsVisible = 0;
			defaultConfigurationName = Release;
		};
		CF339E8E20E9F1CB005E0A51 /* Build configuration list for PBXNativeTarget "RecoardToolUITests" */ = {
			isa = XCConfigurationList;
			buildConfigurations = (
				CF339E8F20E9F1CB005E0A51 /* Debug */,
				CF339E9020E9F1CB005E0A51 /* Release */,
			);
			defaultConfigurationIsVisible = 0;
			defaultConfigurationName = Release;
		};
/* End XCConfigurationList section */
	};
	rootObject = CF339E5420E9F1C4005E0A51 /* Project object */;
}
